{
  "version": 4,
  "terraform_version": "1.0.2",
  "serial": 37,
  "lineage": "661daf47-1943-5cb4-9dd9-d9fdac1fb7ff",
  "outputs": {},
  "resources": [
    {
      "mode": "managed",
      "type": "azurerm_app_service",
      "name": "app",
      "provider": "provider[\"registry.terraform.io/hashicorp/azurerm\"]",
      "instances": [
        {
          "schema_version": 0,
          "attributes": {
            "app_service_plan_id": "/subscriptions/f016713d-47fd-4917-a2c7-c2805377c59c/resourceGroups/app01/providers/Microsoft.Web/serverfarms/AppServicePlan",
            "app_settings": {},
            "auth_settings": [
              {
                "active_directory": [],
                "additional_login_params": {},
                "allowed_external_redirect_urls": [],
                "default_provider": "",
                "enabled": false,
                "facebook": [],
                "google": [],
                "issuer": "",
                "microsoft": [],
                "runtime_version": "",
                "token_refresh_extension_hours": 0,
                "token_store_enabled": false,
                "twitter": [],
                "unauthenticated_client_action": ""
              }
            ],
            "backup": [],
            "client_affinity_enabled": false,
            "client_cert_enabled": false,
            "connection_string": [],
            "custom_domain_verification_id": "0F5E436DFF647618063D8FB6A7EAD01A5BD6082B79167FD0ECF0CB2CAD4B3761",
            "default_site_hostname": "aap7776767.azurewebsites.net",
            "enabled": true,
            "https_only": false,
            "id": "/subscriptions/f016713d-47fd-4917-a2c7-c2805377c59c/resourceGroups/app01/providers/Microsoft.Web/sites/aap7776767",
            "identity": [],
            "location": "westus2",
            "logs": [
              {
                "application_logs": [
                  {
                    "azure_blob_storage": [],
                    "file_system_level": "Off"
                  }
                ],
                "detailed_error_messages_enabled": false,
                "failed_request_tracing_enabled": false,
                "http_logs": [
                  {
                    "azure_blob_storage": [],
                    "file_system": []
                  }
                ]
              }
            ],
            "name": "aap7776767",
            "outbound_ip_address_list": [
              "40.64.105.0",
              "40.64.108.11",
              "40.64.110.63",
              "40.64.110.93",
              "40.64.110.97",
              "40.64.110.116",
              "20.42.128.99"
            ],
            "outbound_ip_addresses": "40.64.105.0,40.64.108.11,40.64.110.63,40.64.110.93,40.64.110.97,40.64.110.116,20.42.128.99",
            "possible_outbound_ip_address_list": [
              "40.64.105.0",
              "40.64.108.11",
              "40.64.110.63",
              "40.64.110.93",
              "40.64.110.97",
              "40.64.110.116",
              "40.64.110.124",
              "40.64.110.126",
              "40.64.110.129",
              "40.64.110.132",
              "40.64.110.169",
              "40.64.110.171",
              "40.125.124.245",
              "40.125.125.10",
              "40.125.125.25",
              "40.125.125.99",
              "40.125.125.139",
              "40.125.125.150",
              "20.42.128.99"
            ],
            "possible_outbound_ip_addresses": "40.64.105.0,40.64.108.11,40.64.110.63,40.64.110.93,40.64.110.97,40.64.110.116,40.64.110.124,40.64.110.126,40.64.110.129,40.64.110.132,40.64.110.169,40.64.110.171,40.125.124.245,40.125.125.10,40.125.125.25,40.125.125.99,40.125.125.139,40.125.125.150,20.42.128.99",
            "resource_group_name": "app01",
            "site_config": [
              {
                "always_on": false,
                "app_command_line": "",
                "auto_swap_slot_name": "",
                "cors": [
                  {
                    "allowed_origins": [],
                    "support_credentials": false
                  }
                ],
                "default_documents": null,
                "dotnet_framework_version": "v5.0",
                "ftps_state": "AllAllowed",
                "health_check_path": "",
                "http2_enabled": false,
                "ip_restriction": [],
                "java_container": "",
                "java_container_version": "",
                "java_version": "",
                "linux_fx_version": "DOTNETCORE|5.0",
                "local_mysql_enabled": false,
                "managed_pipeline_mode": "Integrated",
                "min_tls_version": "1.2",
                "number_of_workers": 1,
                "php_version": "",
                "python_version": "",
                "remote_debugging_enabled": false,
                "remote_debugging_version": "VS2019",
                "scm_ip_restriction": [],
                "scm_type": "None",
                "scm_use_main_ip_restriction": false,
                "use_32_bit_worker_process": false,
                "websockets_enabled": false,
                "windows_fx_version": ""
              }
            ],
            "site_credential": [
              {
                "password": "Z4a43Rdy6xzY48vCvSrXvjpNwuu8aaEtgwCtuvZpFT3TJc1w5qD62GFQYmBk",
                "username": "$aap7776767"
              }
            ],
            "source_control": [
              {
                "branch": "master",
                "manual_integration": false,
                "repo_url": "",
                "rollback_enabled": false,
                "use_mercurial": false
              }
            ],
            "storage_account": [],
            "tags": null,
            "timeouts": null
          },
          "sensitive_attributes": [],
          "private": "eyJlMmJmYjczMC1lY2FhLTExZTYtOGY4OC0zNDM2M2JjN2M0YzAiOnsiY3JlYXRlIjoxODAwMDAwMDAwMDAwLCJkZWxldGUiOjE4MDAwMDAwMDAwMDAsInJlYWQiOjMwMDAwMDAwMDAwMCwidXBkYXRlIjoxODAwMDAwMDAwMDAwfX0=",
          "dependencies": [
            "azurerm_app_service_plan.app",
            "azurerm_resource_group.app"
          ]
        }
      ]
    },
    {
      "mode": "managed",
      "type": "azurerm_app_service_plan",
      "name": "app",
      "provider": "provider[\"registry.terraform.io/hashicorp/azurerm\"]",
      "instances": [
        {
          "schema_version": 0,
          "attributes": {
            "app_service_environment_id": "",
            "id": "/subscriptions/f016713d-47fd-4917-a2c7-c2805377c59c/resourceGroups/app01/providers/Microsoft.Web/serverfarms/AppServicePlan",
            "is_xenon": false,
            "kind": "linux",
            "location": "westus2",
            "maximum_elastic_worker_count": 1,
            "maximum_number_of_workers": 10,
            "name": "AppServicePlan",
            "per_site_scaling": false,
            "reserved": true,
            "resource_group_name": "app01",
            "sku": [
              {
                "capacity": 1,
                "size": "S1",
                "tier": "Standard"
              }
            ],
            "tags": null,
            "timeouts": null
          },
          "sensitive_attributes": [],
          "private": "eyJlMmJmYjczMC1lY2FhLTExZTYtOGY4OC0zNDM2M2JjN2M0YzAiOnsiY3JlYXRlIjozNjAwMDAwMDAwMDAwLCJkZWxldGUiOjM2MDAwMDAwMDAwMDAsInJlYWQiOjMwMDAwMDAwMDAwMCwidXBkYXRlIjozNjAwMDAwMDAwMDAwfX0=",
          "dependencies": [
            "azurerm_resource_group.app"
          ]
        }
      ]
    },
    {
      "mode": "managed",
      "type": "azurerm_resource_group",
      "name": "app",
      "provider": "provider[\"registry.terraform.io/hashicorp/azurerm\"]",
      "instances": [
        {
          "schema_version": 0,
          "attributes": {
            "id": "/subscriptions/f016713d-47fd-4917-a2c7-c2805377c59c/resourceGroups/app01",
            "location": "westus2",
            "name": "app01",
            "tags": null,
            "timeouts": null
          },
          "sensitive_attributes": [],
          "private": "eyJlMmJmYjczMC1lY2FhLTExZTYtOGY4OC0zNDM2M2JjN2M0YzAiOnsiY3JlYXRlIjo1NDAwMDAwMDAwMDAwLCJkZWxldGUiOjU0MDAwMDAwMDAwMDAsInJlYWQiOjMwMDAwMDAwMDAwMCwidXBkYXRlIjo1NDAwMDAwMDAwMDAwfX0="
        }
      ]
    }
  ]
}
